
Microsoft Visual Studio Solution File, Format Version 12.00
# Visual Studio Version 17
VisualStudioVersion = 17.0.31903.59
MinimumVisualStudioVersion = 10.0.40219.1
Project("{FAE04EC0-301F-11D3-BF4B-00C04F79EFBC}") = "CTDB.CLI", "CTDB.CLI\CTDB.CLI.csproj", "{61488D8E-ECC7-4294-B170-6E3A3CBB02BC}"
EndProject
Project("{2150E333-8FDC-42A3-9474-1A3956D46DE8}") = "external", "external", "{E6DC8C75-367F-4746-A717-BB530EC6C5CD}"
EndProject
Project("{2150E333-8FDC-42A3-9474-1A3956D46DE8}") = "cuetools.net", "cuetools.net", "{5486DC5E-10DC-43F6-8333-141B0A1AE405}"
EndProject
Project("{FAE04EC0-301F-11D3-BF4B-00C04F79EFBC}") = "CUETools.Processor", "external\cuetools.net\CUETools.Processor\CUETools.Processor.csproj", "{39A7AA0C-09B6-4AE1-82C7-3A5573259CBA}"
EndProject
Project("{FAE04EC0-301F-11D3-BF4B-00C04F79EFBC}") = "CUETools.Compression", "external\cuetools.net\CUETools.Compression\CUETools.Compression.csproj", "{CA76191B-6753-42C8-8280-795D226CB9FA}"
EndProject
Project("{FAE04EC0-301F-11D3-BF4B-00C04F79EFBC}") = "CUETools.Ripper", "external\cuetools.net\CUETools.Ripper\CUETools.Ripper.csproj", "{C4DD1367-CD0F-4585-B257-50BCABD2F58D}"
EndProject
Project("{FAE04EC0-301F-11D3-BF4B-00C04F79EFBC}") = "Freedb", "external\cuetools.net\Freedb\Freedb.csproj", "{5ADCFD6D-BFEA-4B10-BB45-9083BBB56AF4}"
EndProject
Project("{2150E333-8FDC-42A3-9474-1A3956D46DE8}") = "ThirdParty", "ThirdParty", "{18DDDBBA-34D5-48CA-A8BF-72A6D6074E10}"
EndProject
Project("{2150E333-8FDC-42A3-9474-1A3956D46DE8}") = "taglib-sharp", "taglib-sharp", "{09EA0CE4-679E-4155-9ED4-38FE61B86741}"
EndProject
Project("{2150E333-8FDC-42A3-9474-1A3956D46DE8}") = "src", "src", "{E6562833-DBE8-4D6D-8567-4C62E09FF2D2}"
EndProject
Project("{FAE04EC0-301F-11D3-BF4B-00C04F79EFBC}") = "TaglibSharp", "external\cuetools.net\ThirdParty\taglib-sharp\src\TaglibSharp\TaglibSharp.csproj", "{9A391C0F-D8F1-47A2-A618-624B463ABA71}"
EndProject
Global
	GlobalSection(SolutionConfigurationPlatforms) = preSolution
		Debug|Any CPU = Debug|Any CPU
		Release|Any CPU = Release|Any CPU
	EndGlobalSection
	GlobalSection(SolutionProperties) = preSolution
		HideSolutionNode = FALSE
	EndGlobalSection
	GlobalSection(ProjectConfigurationPlatforms) = postSolution
		{61488D8E-ECC7-4294-B170-6E3A3CBB02BC}.Debug|Any CPU.ActiveCfg = Debug|Any CPU
		{61488D8E-ECC7-4294-B170-6E3A3CBB02BC}.Debug|Any CPU.Build.0 = Debug|Any CPU
		{61488D8E-ECC7-4294-B170-6E3A3CBB02BC}.Release|Any CPU.ActiveCfg = Release|Any CPU
		{61488D8E-ECC7-4294-B170-6E3A3CBB02BC}.Release|Any CPU.Build.0 = Release|Any CPU
		{39A7AA0C-09B6-4AE1-82C7-3A5573259CBA}.Debug|Any CPU.ActiveCfg = Debug|Any CPU
		{39A7AA0C-09B6-4AE1-82C7-3A5573259CBA}.Debug|Any CPU.Build.0 = Debug|Any CPU
		{39A7AA0C-09B6-4AE1-82C7-3A5573259CBA}.Release|Any CPU.ActiveCfg = Release|Any CPU
		{39A7AA0C-09B6-4AE1-82C7-3A5573259CBA}.Release|Any CPU.Build.0 = Release|Any CPU
		{CA76191B-6753-42C8-8280-795D226CB9FA}.Debug|Any CPU.ActiveCfg = Debug|Any CPU
		{CA76191B-6753-42C8-8280-795D226CB9FA}.Debug|Any CPU.Build.0 = Debug|Any CPU
		{CA76191B-6753-42C8-8280-795D226CB9FA}.Release|Any CPU.ActiveCfg = Release|Any CPU
		{CA76191B-6753-42C8-8280-795D226CB9FA}.Release|Any CPU.Build.0 = Release|Any CPU
		{C4DD1367-CD0F-4585-B257-50BCABD2F58D}.Debug|Any CPU.ActiveCfg = Debug|Any CPU
		{C4DD1367-CD0F-4585-B257-50BCABD2F58D}.Debug|Any CPU.Build.0 = Debug|Any CPU
		{C4DD1367-CD0F-4585-B257-50BCABD2F58D}.Release|Any CPU.ActiveCfg = Release|Any CPU
		{C4DD1367-CD0F-4585-B257-50BCABD2F58D}.Release|Any CPU.Build.0 = Release|Any CPU
		{5ADCFD6D-BFEA-4B10-BB45-9083BBB56AF4}.Debug|Any CPU.ActiveCfg = Debug|Any CPU
		{5ADCFD6D-BFEA-4B10-BB45-9083BBB56AF4}.Debug|Any CPU.Build.0 = Debug|Any CPU
		{5ADCFD6D-BFEA-4B10-BB45-9083BBB56AF4}.Release|Any CPU.ActiveCfg = Release|Any CPU
		{5ADCFD6D-BFEA-4B10-BB45-9083BBB56AF4}.Release|Any CPU.Build.0 = Release|Any CPU
		{9A391C0F-D8F1-47A2-A618-624B463ABA71}.Debug|Any CPU.ActiveCfg = Debug|Any CPU
		{9A391C0F-D8F1-47A2-A618-624B463ABA71}.Debug|Any CPU.Build.0 = Debug|Any CPU
		{9A391C0F-D8F1-47A2-A618-624B463ABA71}.Release|Any CPU.ActiveCfg = Release|Any CPU
		{9A391C0F-D8F1-47A2-A618-624B463ABA71}.Release|Any CPU.Build.0 = Release|Any CPU
	EndGlobalSection
	GlobalSection(NestedProjects) = preSolution
		{5486DC5E-10DC-43F6-8333-141B0A1AE405} = {E6DC8C75-367F-4746-A717-BB530EC6C5CD}
		{39A7AA0C-09B6-4AE1-82C7-3A5573259CBA} = {5486DC5E-10DC-43F6-8333-141B0A1AE405}
		{CA76191B-6753-42C8-8280-795D226CB9FA} = {5486DC5E-10DC-43F6-8333-141B0A1AE405}
		{C4DD1367-CD0F-4585-B257-50BCABD2F58D} = {5486DC5E-10DC-43F6-8333-141B0A1AE405}
		{5ADCFD6D-BFEA-4B10-BB45-9083BBB56AF4} = {5486DC5E-10DC-43F6-8333-141B0A1AE405}
		{18DDDBBA-34D5-48CA-A8BF-72A6D6074E10} = {5486DC5E-10DC-43F6-8333-141B0A1AE405}
		{09EA0CE4-679E-4155-9ED4-38FE61B86741} = {18DDDBBA-34D5-48CA-A8BF-72A6D6074E10}
		{E6562833-DBE8-4D6D-8567-4C62E09FF2D2} = {09EA0CE4-679E-4155-9ED4-38FE61B86741}
		{9A391C0F-D8F1-47A2-A618-624B463ABA71} = {E6562833-DBE8-4D6D-8567-4C62E09FF2D2}
	EndGlobalSection
EndGlobal
